lockfileVersion: 5.3

importers:

  .:
    specifiers: {}

  backend:
    specifiers:
      '@kenchi/nexus-plugin-prisma': 0.37.1
      '@netlify/functions': 0.7.2
      '@prisma/client': 2.30.3
      '@types/node': 12.20.23
      apollo-server-lambda: 2.25.2
      cross-env: ^7.0.3
      graphql: 15.5.2
      nexus: 1.0.0
      prisma: 2.30.3
      ts-node: 10.2.1
    dependencies:
      '@prisma/client': 2.30.3_prisma@2.30.3
    devDependencies:
      '@kenchi/nexus-plugin-prisma': 0.37.1_e313b9668b1ad4a9ab2992c18d011e0b
      '@netlify/functions': 0.7.2
      '@types/node': 12.20.23
      apollo-server-lambda: 2.25.2_graphql@15.5.2
      cross-env: 7.0.3
      graphql: 15.5.2
      nexus: 1.0.0_graphql@15.5.2
      prisma: 2.30.3
      ts-node: 10.2.1_@types+node@12.20.23

packages:

  /@apollo/protobufjs/1.2.2:
    resolution: {integrity: sha512-vF+zxhPiLtkwxONs6YanSt1EpwpGilThpneExUN5K3tCymuxNnVq2yojTvnpRjv2QfsEIt/n7ozPIIzBLwGIDQ==}
    hasBin: true
    requiresBuild: true
    dependencies:
      '@protobufjs/aspromise': 1.1.2
      '@protobufjs/base64': 1.1.2
      '@protobufjs/codegen': 2.0.4
      '@protobufjs/eventemitter': 1.1.0
      '@protobufjs/fetch': 1.1.0
      '@protobufjs/float': 1.0.2
      '@protobufjs/inquire': 1.1.0
      '@protobufjs/path': 1.1.2
      '@protobufjs/pool': 1.1.0
      '@protobufjs/utf8': 1.1.0
      '@types/long': 4.0.1
      '@types/node': 10.17.60
      long: 4.0.0
    dev: true

  /@apollographql/apollo-tools/0.5.1:
    resolution: {integrity: sha512-ZII+/xUFfb9ezDU2gad114+zScxVFMVlZ91f8fGApMzlS1kkqoyLnC4AJaQ1Ya/X+b63I20B4Gd+eCL8QuB4sA==}
    engines: {node: '>=8', npm: '>=6'}
    dev: true

  /@apollographql/graphql-playground-html/1.6.27:
    resolution: {integrity: sha512-tea2LweZvn6y6xFV11K0KC8ETjmm52mQrW+ezgB2O/aTQf8JGyFmMcRPFgUaQZeHbWdm8iisDC6EjOKsXu0nfw==}
    dependencies:
      xss: 1.0.9
    dev: true

  /@apollographql/graphql-upload-8-fork/8.1.3_graphql@15.5.2:
    resolution: {integrity: sha512-ssOPUT7euLqDXcdVv3Qs4LoL4BPtfermW1IOouaqEmj36TpHYDmYDIbKoSQxikd9vtMumFnP87OybH7sC9fJ6g==}
    engines: {node: '>=8.5'}
    peerDependencies:
      graphql: 0.13.1 - 15
    dependencies:
      '@types/express': 4.17.13
      '@types/fs-capacitor': 2.0.0
      '@types/koa': 2.13.4
      busboy: 0.3.1
      fs-capacitor: 2.0.4
      graphql: 15.5.2
      http-errors: 1.7.3
      object-path: 0.11.7
    dev: true

  /@cspotcode/source-map-consumer/0.8.0:
    resolution: {integrity: sha512-41qniHzTU8yAGbCp04ohlmSrZf8bkf/iJsl3V0dRGsQN/5GFfx+LbCSsCpp2gqrqjTVg/K6O8ycoV35JIwAzAg==}
    engines: {node: '>= 12'}
    dev: true

  /@cspotcode/source-map-support/0.6.1:
    resolution: {integrity: sha512-DX3Z+T5dt1ockmPdobJS/FAsQPW4V4SrWEhD2iYQT2Cb2tQsiMnYxrcUH9By/Z3B+v0S5LMBkQtV/XOBbpLEOg==}
    engines: {node: '>=12'}
    dependencies:
      '@cspotcode/source-map-consumer': 0.8.0
    dev: true

  /@josephg/resolvable/1.0.1:
    resolution: {integrity: sha512-CtzORUwWTTOTqfVtHaKRJ0I1kNQd1bpn3sUh8I3nJDVY+5/M/Oe1DnEWzPQvqq/xPIIkzzzIP7mfCoAjFRvDhg==}
    dev: true

  /@kenchi/nexus-plugin-prisma/0.37.1_e313b9668b1ad4a9ab2992c18d011e0b:
    resolution: {integrity: sha512-aiIO3zWdtRp8nKISZngtwN2UqqfENVfDcxE/IqZoElB03v3xENSlvvZowpKOnTaKybVm0onq2Y88N95YclghIw==}
    requiresBuild: true
    peerDependencies:
      '@prisma/client': 2.30.x
      graphql: ^15.3.0
      nexus: ^1.0.0
    dependencies:
      '@prisma/client': 2.30.3_prisma@2.30.3
      camelcase: 6.2.0
      endent: 2.1.0
      fs-jetpack: 4.1.1
      graphql: 15.5.2
      lodash: 4.17.21
      nexus: 1.0.0_graphql@15.5.2
      pluralize: 8.0.0
      semver: 7.3.5
    dev: true

  /@netlify/functions/0.7.2:
    resolution: {integrity: sha512-xf45ZqQukMxmlkqNMC5BXdFMaVZ8VqF42MV5zA5nKVOh2V0mhYlcbTYlVbS/K2/rtvQ3W8lxxixYl4NT7kq6Bg==}
    engines: {node: '>=8.3.0'}
    dependencies:
      is-promise: 4.0.0
    dev: true

  /@prisma/client/2.30.3_prisma@2.30.3:
    resolution: {integrity: sha512-Ey2miZ+Hne12We3rA8XrlPoAF0iuKEhw5IK2nropaelSt0Ju3b2qSz9Qt50a/1Mx3+7yRSu/iSXt8y9TUMl/Yw==}
    engines: {node: '>=12.2'}
    requiresBuild: true
    peerDependencies:
      prisma: '*'
    peerDependenciesMeta:
      prisma:
        optional: true
    dependencies:
      '@prisma/engines-version': 2.30.1-2.b8c35d44de987a9691890b3ddf3e2e7effb9bf20
      prisma: 2.30.3
    dev: false

  /@prisma/engines-version/2.30.1-2.b8c35d44de987a9691890b3ddf3e2e7effb9bf20:
    resolution: {integrity: sha512-/iDRgaoSQC77WN2oDsOM8dn61fykm6tnZUAClY+6p+XJbOEgZ9gy4CKuKTBgrjSGDVjtQ/S2KGcYd3Ring8xaw==}
    dev: false

  /@prisma/engines/2.30.1-2.b8c35d44de987a9691890b3ddf3e2e7effb9bf20:
    resolution: {integrity: sha512-WPnA/IUrxDihrRhdP6+8KAVSwsc0zsh8ioPYsLJjOhzVhwpRbuFH2tJDRIAbc+qFh+BbTIZbeyBYt8fpNXaYQQ==}
    requiresBuild: true
    dev: true

  /@protobufjs/aspromise/1.1.2:
    resolution: {integrity: sha1-m4sMxmPWaafY9vXQiToU00jzD78=}
    dev: true

  /@protobufjs/base64/1.1.2:
    resolution: {integrity: sha512-AZkcAA5vnN/v4PDqKyMR5lx7hZttPDgClv83E//FMNhR2TMcLUhfRUBHCmSl0oi9zMgDDqRUJkSxO3wm85+XLg==}
    dev: true

  /@protobufjs/codegen/2.0.4:
    resolution: {integrity: sha512-YyFaikqM5sH0ziFZCN3xDC7zeGaB/d0IUb9CATugHWbd1FRFwWwt4ld4OYMPWu5a3Xe01mGAULCdqhMlPl29Jg==}
    dev: true

  /@protobufjs/eventemitter/1.1.0:
    resolution: {integrity: sha1-NVy8mLr61ZePntCV85diHx0Ga3A=}
    dev: true

  /@protobufjs/fetch/1.1.0:
    resolution: {integrity: sha1-upn7WYYUr2VwDBYZ/wbUVLDYTEU=}
    dependencies:
      '@protobufjs/aspromise': 1.1.2
      '@protobufjs/inquire': 1.1.0
    dev: true

  /@protobufjs/float/1.0.2:
    resolution: {integrity: sha1-Xp4avctz/Ap8uLKR33jIy9l7h9E=}
    dev: true

  /@protobufjs/inquire/1.1.0:
    resolution: {integrity: sha1-/yAOPnzyQp4tyvwRQIKOjMY48Ik=}
    dev: true

  /@protobufjs/path/1.1.2:
    resolution: {integrity: sha1-bMKyDFya1q0NzP0hynZz2Nf79o0=}
    dev: true

  /@protobufjs/pool/1.1.0:
    resolution: {integrity: sha1-Cf0V8tbTq/qbZbw2ZQbWrXhG/1Q=}
    dev: true

  /@protobufjs/utf8/1.1.0:
    resolution: {integrity: sha1-p3c2C1s5oaLlEG+OhY8v0tBgxXA=}
    dev: true

  /@tsconfig/node10/1.0.8:
    resolution: {integrity: sha512-6XFfSQmMgq0CFLY1MslA/CPUfhIL919M1rMsa5lP2P097N2Wd1sSX0tx1u4olM16fLNhtHZpRhedZJphNJqmZg==}
    dev: true

  /@tsconfig/node12/1.0.9:
    resolution: {integrity: sha512-/yBMcem+fbvhSREH+s14YJi18sp7J9jpuhYByADT2rypfajMZZN4WQ6zBGgBKp53NKmqI36wFYDb3yaMPurITw==}
    dev: true

  /@tsconfig/node14/1.0.1:
    resolution: {integrity: sha512-509r2+yARFfHHE7T6Puu2jjkoycftovhXRqW328PDXTVGKihlb1P8Z9mMZH04ebyajfRY7dedfGynlrFHJUQCg==}
    dev: true

  /@tsconfig/node16/1.0.2:
    resolution: {integrity: sha512-eZxlbI8GZscaGS7kkc/trHTT5xgrjH3/1n2JDwusC9iahPKWMRvRjJSAN5mCXviuTGQ/lHnhvv8Q1YTpnfz9gA==}
    dev: true

  /@types/accepts/1.3.5:
    resolution: {integrity: sha512-jOdnI/3qTpHABjM5cx1Hc0sKsPoYCp+DP/GJRGtDlPd7fiV9oXGGIcjW/ZOxLIvjGz8MA+uMZI9metHlgqbgwQ==}
    dependencies:
      '@types/node': 12.20.23
    dev: true

  /@types/aws-lambda/8.10.83:
    resolution: {integrity: sha512-7YsLv/B8rF7K7jYAGmYBxLq3QU+hQV7qNJBMcSCmJCTcXuzoTKGBX8d4v9CsVs0SOKBSAErXG7rtk8jVxiP30g==}
    dev: true

  /@types/body-parser/1.19.1:
    resolution: {integrity: sha512-a6bTJ21vFOGIkwM0kzh9Yr89ziVxq4vYH2fQ6N8AeipEzai/cFK6aGMArIkUeIdRIgpwQa+2bXiLuUJCpSf2Cg==}
    dependencies:
      '@types/connect': 3.4.35
      '@types/node': 12.20.23
    dev: true

  /@types/connect/3.4.35:
    resolution: {integrity: sha512-cdeYyv4KWoEgpBISTxWvqYsVy444DOqehiF3fM3ne10AmJ62RSyNkUnxMJXHQWRQQX2eR94m5y1IZyDwBjV9FQ==}
    dependencies:
      '@types/node': 12.20.23
    dev: true

  /@types/content-disposition/0.5.4:
    resolution: {integrity: sha512-0mPF08jn9zYI0n0Q/Pnz7C4kThdSt+6LD4amsrYDDpgBfrVWa3TcCOxKX1zkGgYniGagRv8heN2cbh+CAn+uuQ==}
    dev: true

  /@types/cookies/0.7.7:
    resolution: {integrity: sha512-h7BcvPUogWbKCzBR2lY4oqaZbO3jXZksexYJVFvkrFeLgbZjQkU4x8pRq6eg2MHXQhY0McQdqmmsxRWlVAHooA==}
    dependencies:
      '@types/connect': 3.4.35
      '@types/express': 4.17.13
      '@types/keygrip': 1.0.2
      '@types/node': 12.20.23
    dev: true

  /@types/express-serve-static-core/4.17.24:
    resolution: {integrity: sha512-3UJuW+Qxhzwjq3xhwXm2onQcFHn76frIYVbTu+kn24LFxI+dEhdfISDFovPB8VpEgW8oQCTpRuCe+0zJxB7NEA==}
    dependencies:
      '@types/node': 12.20.23
      '@types/qs': 6.9.7
      '@types/range-parser': 1.2.4
    dev: true

  /@types/express/4.17.13:
    resolution: {integrity: sha512-6bSZTPaTIACxn48l50SR+axgrqm6qXFIxrdAKaG6PaJk3+zuUr35hBlgT7vOmJcum+OEaIBLtHV/qloEAFITeA==}
    dependencies:
      '@types/body-parser': 1.19.1
      '@types/express-serve-static-core': 4.17.24
      '@types/qs': 6.9.7
      '@types/serve-static': 1.13.10
    dev: true

  /@types/fs-capacitor/2.0.0:
    resolution: {integrity: sha512-FKVPOCFbhCvZxpVAMhdBdTfVfXUpsh15wFHgqOKxh9N9vzWZVuWCSijZ5T4U34XYNnuj2oduh6xcs1i+LPI+BQ==}
    dependencies:
      '@types/node': 12.20.23
    dev: true

  /@types/http-assert/1.5.3:
    resolution: {integrity: sha512-FyAOrDuQmBi8/or3ns4rwPno7/9tJTijVW6aQQjK02+kOQ8zmoNg2XJtAuQhvQcy1ASJq38wirX5//9J1EqoUA==}
    dev: true

  /@types/http-errors/1.8.1:
    resolution: {integrity: sha512-e+2rjEwK6KDaNOm5Aa9wNGgyS9oSZU/4pfSMMPYNOfjvFI0WVXm29+ITRFr6aKDvvKo7uU1jV68MW4ScsfDi7Q==}
    dev: true

  /@types/keygrip/1.0.2:
    resolution: {integrity: sha512-GJhpTepz2udxGexqos8wgaBx4I/zWIDPh/KOGEwAqtuGDkOUJu5eFvwmdBX4AmB8Odsr+9pHCQqiAqDL/yKMKw==}
    dev: true

  /@types/koa-compose/3.2.5:
    resolution: {integrity: sha512-B8nG/OoE1ORZqCkBVsup/AKcvjdgoHnfi4pZMn5UwAPCbhk/96xyv284eBYW8JlQbQ7zDmnpFr68I/40mFoIBQ==}
    dependencies:
      '@types/koa': 2.13.4
    dev: true

  /@types/koa/2.13.4:
    resolution: {integrity: sha512-dfHYMfU+z/vKtQB7NUrthdAEiSvnLebvBjwHtfFmpZmB7em2N3WVQdHgnFq+xvyVgxW5jKDmjWfLD3lw4g4uTw==}
    dependencies:
      '@types/accepts': 1.3.5
      '@types/content-disposition': 0.5.4
      '@types/cookies': 0.7.7
      '@types/http-assert': 1.5.3
      '@types/http-errors': 1.8.1
      '@types/keygrip': 1.0.2
      '@types/koa-compose': 3.2.5
      '@types/node': 12.20.23
    dev: true

  /@types/long/4.0.1:
    resolution: {integrity: sha512-5tXH6Bx/kNGd3MgffdmP4dy2Z+G4eaXw0SE81Tq3BNadtnMR5/ySMzX4SLEzHJzSmPNn4HIdpQsBvXMUykr58w==}
    dev: true

  /@types/mime/1.3.2:
    resolution: {integrity: sha512-YATxVxgRqNH6nHEIsvg6k2Boc1JHI9ZbH5iWFFv/MTkchz3b1ieGDa5T0a9RznNdI0KhVbdbWSN+KWWrQZRxTw==}
    dev: true

  /@types/node/10.17.60:
    resolution: {integrity: sha512-F0KIgDJfy2nA3zMLmWGKxcH2ZVEtCZXHHdOQs2gSaQ27+lNeEfGxzkIw90aXswATX7AZ33tahPbzy6KAfUreVw==}
    dev: true

  /@types/node/12.20.23:
    resolution: {integrity: sha512-FW0q7NI8UnjbKrJK8NGr6QXY69ATw9IFe6ItIo5yozPwA9DU/xkhiPddctUVyrmFXvyFYerYgQak/qu200UBDw==}
    dev: true

  /@types/qs/6.9.7:
    resolution: {integrity: sha512-FGa1F62FT09qcrueBA6qYTrJPVDzah9a+493+o2PCXsesWHIn27G98TsSMs3WPNbZIEj4+VJf6saSFpvD+3Zsw==}
    dev: true

  /@types/range-parser/1.2.4:
    resolution: {integrity: sha512-EEhsLsD6UsDM1yFhAvy0Cjr6VwmpMWqFBCb9w07wVugF7w9nfajxLuVmngTIpgS6svCnm6Vaw+MZhoDCKnOfsw==}
    dev: true

  /@types/serve-static/1.13.10:
    resolution: {integrity: sha512-nCkHGI4w7ZgAdNkrEu0bv+4xNV/XDqW+DydknebMOQwkpDGx8G+HTlj7R7ABI8i8nKxVw0wtKPi1D+lPOkh4YQ==}
    dependencies:
      '@types/mime': 1.3.2
      '@types/node': 12.20.23
    dev: true

  /@types/ws/7.4.7:
    resolution: {integrity: sha512-JQbbmxZTZehdc2iszGKs5oC3NFnjeay7mtAWrdt7qNtAVK0g19muApzAy4bm9byz79xa2ZnO/BOBC2R8RC5Lww==}
    dependencies:
      '@types/node': 12.20.23
    dev: true

  /@wry/equality/0.1.11:
    resolution: {integrity: sha512-mwEVBDUVODlsQQ5dfuLUS5/Tf7jqUKyhKYHmVi4fPB6bDMOfWvUPJmKgS1Z7Za/sOI3vzWt4+O7yCiL/70MogA==}
    dependencies:
      tslib: 1.14.1
    dev: true

  /acorn-walk/8.1.1:
    resolution: {integrity: sha512-FbJdceMlPHEAWJOILDk1fXD8lnTlEIWFkqtfk+MvmL5q/qlHfN7GEHcsFZWt/Tea9jRNPWUZG4G976nqAAmU9w==}
    engines: {node: '>=0.4.0'}
    dev: true

  /acorn/8.4.1:
    resolution: {integrity: sha512-asabaBSkEKosYKMITunzX177CXxQ4Q8BSSzMTKD+FefUhipQC70gfW5SiUDhYQ3vk8G+81HqQk7Fv9OXwwn9KA==}
    engines: {node: '>=0.4.0'}
    hasBin: true
    dev: true

  /apollo-cache-control/0.14.0_graphql@15.5.2:
    resolution: {integrity: sha512-qN4BCq90egQrgNnTRMUHikLZZAprf3gbm8rC5Vwmc6ZdLolQ7bFsa769Hqi6Tq/lS31KLsXBLTOsRbfPHph12w==}
    engines: {node: '>=6.0'}
    deprecated: The functionality provided by the `apollo-cache-control` package is built in to `apollo-server-core` starting with Apollo Server 3. See https://www.apollographql.com/docs/apollo-server/migration/#cachecontrol for details.
    peerDependencies:
      graphql: ^0.12.0 || ^0.13.0 || ^14.0.0 || ^15.0.0
    dependencies:
      apollo-server-env: 3.1.0
      apollo-server-plugin-base: 0.13.0_graphql@15.5.2
      graphql: 15.5.2
    dev: true

  /apollo-datasource/0.9.0:
    resolution: {integrity: sha512-y8H99NExU1Sk4TvcaUxTdzfq2SZo6uSj5dyh75XSQvbpH6gdAXIW9MaBcvlNC7n0cVPsidHmOcHOWxJ/pTXGjA==}
    engines: {node: '>=6'}
    dependencies:
      apollo-server-caching: 0.7.0
      apollo-server-env: 3.1.0
    dev: true

  /apollo-graphql/0.9.3_graphql@15.5.2:
    resolution: {integrity: sha512-rcAl2E841Iko4kSzj4Pt3PRBitmyq1MvoEmpl04TQSpGnoVgl1E/ZXuLBYxMTSnEAm7umn2IsoY+c6Ll9U/10A==}
    engines: {node: '>=6'}
    peerDependencies:
      graphql: ^14.2.1 || ^15.0.0
    dependencies:
      core-js-pure: 3.17.2
      graphql: 15.5.2
      lodash.sortby: 4.7.0
      sha.js: 2.4.11
    dev: true

  /apollo-link/1.2.14_graphql@15.5.2:
    resolution: {integrity: sha512-p67CMEFP7kOG1JZ0ZkYZwRDa369w5PIjtMjvrQd/HnIV8FRsHRqLqK+oAZQnFa1DDdZtOtHTi+aMIW6EatC2jg==}
    peerDependencies:
      graphql: ^0.11.3 || ^0.12.3 || ^0.13.0 || ^14.0.0 || ^15.0.0
    dependencies:
      apollo-utilities: 1.3.4_graphql@15.5.2
      graphql: 15.5.2
      ts-invariant: 0.4.4
      tslib: 1.14.1
      zen-observable-ts: 0.8.21
    dev: true

  /apollo-reporting-protobuf/0.8.0:
    resolution: {integrity: sha512-B3XmnkH6Y458iV6OsA7AhfwvTgeZnFq9nPVjbxmLKnvfkEl8hYADtz724uPa0WeBiD7DSFcnLtqg9yGmCkBohg==}
    dependencies:
      '@apollo/protobufjs': 1.2.2
    dev: true

  /apollo-server-caching/0.7.0:
    resolution: {integrity: sha512-MsVCuf/2FxuTFVhGLK13B+TZH9tBd2qkyoXKKILIiGcZ5CDUEBO14vIV63aNkMkS1xxvK2U4wBcuuNj/VH2Mkw==}
    engines: {node: '>=6'}
    dependencies:
      lru-cache: 6.0.0
    dev: true

  /apollo-server-core/2.25.2_graphql@15.5.2:
    resolution: {integrity: sha512-lrohEjde2TmmDTO7FlOs8x5QQbAS0Sd3/t0TaK2TWaodfzi92QAvIsq321Mol6p6oEqmjm8POIDHW1EuJd7XMA==}
    engines: {node: '>=6'}
    peerDependencies:
      graphql: ^0.12.0 || ^0.13.0 || ^14.0.0 || ^15.0.0
    dependencies:
      '@apollographql/apollo-tools': 0.5.1
      '@apollographql/graphql-playground-html': 1.6.27
      '@apollographql/graphql-upload-8-fork': 8.1.3_graphql@15.5.2
      '@josephg/resolvable': 1.0.1
      '@types/ws': 7.4.7
      apollo-cache-control: 0.14.0_graphql@15.5.2
      apollo-datasource: 0.9.0
      apollo-graphql: 0.9.3_graphql@15.5.2
      apollo-reporting-protobuf: 0.8.0
      apollo-server-caching: 0.7.0
      apollo-server-env: 3.1.0
      apollo-server-errors: 2.5.0_graphql@15.5.2
      apollo-server-plugin-base: 0.13.0_graphql@15.5.2
      apollo-server-types: 0.9.0_graphql@15.5.2
      apollo-tracing: 0.15.0_graphql@15.5.2
      async-retry: 1.3.3
      fast-json-stable-stringify: 2.1.0
      graphql: 15.5.2
      graphql-extensions: 0.15.0_graphql@15.5.2
      graphql-tag: 2.12.5_graphql@15.5.2
      graphql-tools: 4.0.8_graphql@15.5.2
      loglevel: 1.7.1
      lru-cache: 6.0.0
      sha.js: 2.4.11
      subscriptions-transport-ws: 0.9.19_graphql@15.5.2
      uuid: 8.3.2
    transitivePeerDependencies:
      - bufferutil
      - utf-8-validate
    dev: true

  /apollo-server-env/3.1.0:
    resolution: {integrity: sha512-iGdZgEOAuVop3vb0F2J3+kaBVi4caMoxefHosxmgzAbbSpvWehB8Y1QiSyyMeouYC38XNVk5wnZl+jdGSsWsIQ==}
    engines: {node: '>=6'}
    dependencies:
      node-fetch: 2.6.1
      util.promisify: 1.1.1
    dev: true

  /apollo-server-errors/2.5.0_graphql@15.5.2:
    resolution: {integrity: sha512-lO5oTjgiC3vlVg2RKr3RiXIIQ5pGXBFxYGGUkKDhTud3jMIhs+gel8L8zsEjKaKxkjHhCQAA/bcEfYiKkGQIvA==}
    engines: {node: '>=6'}
    peerDependencies:
      graphql: ^0.12.0 || ^0.13.0 || ^14.0.0 || ^15.0.0
    dependencies:
      graphql: 15.5.2
    dev: true

  /apollo-server-lambda/2.25.2_graphql@15.5.2:
    resolution: {integrity: sha512-cx9MLkBaf+UDYgH4FId+EG1JwTYsPfID8bDpXBszjINocz4RXWTkM+TZIJUv4tnOaVSCd5l7X7/TKNJk9picBA==}
    engines: {node: '>=6'}
    peerDependencies:
      graphql: ^0.12.0 || ^0.13.0 || ^14.0.0 || ^15.0.0
    dependencies:
      '@apollographql/graphql-playground-html': 1.6.27
      '@types/aws-lambda': 8.10.83
      apollo-server-core: 2.25.2_graphql@15.5.2
      apollo-server-env: 3.1.0
      apollo-server-types: 0.9.0_graphql@15.5.2
      graphql: 15.5.2
      graphql-tools: 4.0.8_graphql@15.5.2
    transitivePeerDependencies:
      - bufferutil
      - utf-8-validate
    dev: true

  /apollo-server-plugin-base/0.13.0_graphql@15.5.2:
    resolution: {integrity: sha512-L3TMmq2YE6BU6I4Tmgygmd0W55L+6XfD9137k+cWEBFu50vRY4Re+d+fL5WuPkk5xSPKd/PIaqzidu5V/zz8Kg==}
    engines: {node: '>=6'}
    peerDependencies:
      graphql: ^0.12.0 || ^0.13.0 || ^14.0.0 || ^15.0.0
    dependencies:
      apollo-server-types: 0.9.0_graphql@15.5.2
      graphql: 15.5.2
    dev: true

  /apollo-server-types/0.9.0_graphql@15.5.2:
    resolution: {integrity: sha512-qk9tg4Imwpk732JJHBkhW0jzfG0nFsLqK2DY6UhvJf7jLnRePYsPxWfPiNkxni27pLE2tiNlCwoDFSeWqpZyBg==}
    engines: {node: '>=6'}
    peerDependencies:
      graphql: ^0.12.0 || ^0.13.0 || ^14.0.0 || ^15.0.0
    dependencies:
      apollo-reporting-protobuf: 0.8.0
      apollo-server-caching: 0.7.0
      apollo-server-env: 3.1.0
      graphql: 15.5.2
    dev: true

  /apollo-tracing/0.15.0_graphql@15.5.2:
    resolution: {integrity: sha512-UP0fztFvaZPHDhIB/J+qGuy6hWO4If069MGC98qVs0I8FICIGu4/8ykpX3X3K6RtaQ56EDAWKykCxFv4ScxMeA==}
    engines: {node: '>=4.0'}
    deprecated: The `apollo-tracing` package is no longer part of Apollo Server 3. See https://www.apollographql.com/docs/apollo-server/migration/#tracing for details
    peerDependencies:
      graphql: ^0.12.0 || ^0.13.0 || ^14.0.0 || ^15.0.0
    dependencies:
      apollo-server-env: 3.1.0
      apollo-server-plugin-base: 0.13.0_graphql@15.5.2
      graphql: 15.5.2
    dev: true

  /apollo-utilities/1.3.4_graphql@15.5.2:
    resolution: {integrity: sha512-pk2hiWrCXMAy2fRPwEyhvka+mqwzeP60Jr1tRYi5xru+3ko94HI9o6lK0CT33/w4RDlxWchmdhDCrvdr+pHCig==}
    peerDependencies:
      graphql: ^0.11.0 || ^0.12.0 || ^0.13.0 || ^14.0.0 || ^15.0.0
    dependencies:
      '@wry/equality': 0.1.11
      fast-json-stable-stringify: 2.1.0
      graphql: 15.5.2
      ts-invariant: 0.4.4
      tslib: 1.14.1
    dev: true

  /arg/4.1.3:
    resolution: {integrity: sha512-58S9QDqG0Xx27YwPSt9fJxivjYl432YCwfDMfZ+71RAqUrZef7LrKQZ3LHLOwCS4FLNBplP533Zx895SeOCHvA==}
    dev: true

  /async-retry/1.3.3:
    resolution: {integrity: sha512-wfr/jstw9xNi/0teMHrRW7dsz3Lt5ARhYNZ2ewpadnhaIp5mbALhOAP+EAdsC7t4Z6wqsDVv9+W6gm1Dk9mEyw==}
    dependencies:
      retry: 0.13.1
    dev: true

  /backo2/1.0.2:
    resolution: {integrity: sha1-MasayLEpNjRj41s+u2n038+6eUc=}
    dev: true

  /balanced-match/1.0.2:
    resolution: {integrity: sha512-3oSeUO0TMV67hN1AmbXsK4yaqU7tjiHlbxRDZOpH0KW9+CeX4bRAaX0Anxt0tx2MrpRpWwQaPwIlISEJhYU5Pw==}
    dev: true

  /brace-expansion/1.1.11:
    resolution: {integrity: sha512-iCuPHDFgrHX7H2vEI/5xpz07zSHB00TpugqhmYtVmMO6518mCuRMoOYFldEBl0g187ufozdaHgWKcYFb61qGiA==}
    dependencies:
      balanced-match: 1.0.2
      concat-map: 0.0.1
    dev: true

  /busboy/0.3.1:
    resolution: {integrity: sha512-y7tTxhGKXcyBxRKAni+awqx8uqaJKrSFSNFSeRG5CsWNdmy2BIK+6VGWEW7TZnIO/533mtMEA4rOevQV815YJw==}
    engines: {node: '>=4.5.0'}
    dependencies:
      dicer: 0.3.0
    dev: true

  /call-bind/1.0.2:
    resolution: {integrity: sha512-7O+FbCihrB5WGbFYesctwmTKae6rOiIzmz1icreWJ+0aA7LJfuqhEso2T9ncpcFtzMQtzXf2QGGueWJGTYsqrA==}
    dependencies:
      function-bind: 1.1.1
      get-intrinsic: 1.1.1
    dev: true

  /camelcase/6.2.0:
    resolution: {integrity: sha512-c7wVvbw3f37nuobQNtgsgG9POC9qMbNuMQmTCqZv23b6MIz0fcYpBiOlv9gEN/hdLdnZTDQhg6e9Dq5M1vKvfg==}
    engines: {node: '>=10'}
    dev: true

  /commander/2.20.3:
    resolution: {integrity: sha512-GpVkmM8vF2vQUkj2LvZmD35JxeJOLCwJ9cUkugyk2nuhbv3+mJvpLYYt+0+USMxE+oj+ey/lJEnhZw75x/OMcQ==}
    dev: true

  /concat-map/0.0.1:
    resolution: {integrity: sha1-2Klr13/Wjfd5OnMDajug1UBdR3s=}
    dev: true

  /core-js-pure/3.17.2:
    resolution: {integrity: sha512-2VV7DlIbooyTI7Bh+yzOOWL9tGwLnQKHno7qATE+fqZzDKYr6llVjVQOzpD/QLZFgXDPb8T71pJokHEZHEYJhQ==}
    requiresBuild: true
    dev: true

  /create-require/1.1.1:
    resolution: {integrity: sha512-dcKFX3jn0MpIaXjisoRvexIJVEKzaq7z2rZKxf+MSr9TkdmHmsU4m2lcLojrj/FHl8mk5VxMmYA+ftRkP/3oKQ==}
    dev: true

  /cross-env/7.0.3:
    resolution: {integrity: sha512-+/HKd6EgcQCJGh2PSjZuUitQBQynKor4wrFbRg4DtAgS1aWO+gU52xpH7M9ScGgXSYmAVS9bIJ8EzuaGw0oNAw==}
    engines: {node: '>=10.14', npm: '>=6', yarn: '>=1'}
    hasBin: true
    dependencies:
      cross-spawn: 7.0.3
    dev: true

  /cross-spawn/7.0.3:
    resolution: {integrity: sha512-iRDPJKUPVEND7dHPO8rkbOnPpyDygcDFtWjpeWNCgy8WP2rXcxXL8TskReQl6OrB2G7+UJrags1q15Fudc7G6w==}
    engines: {node: '>= 8'}
    dependencies:
      path-key: 3.1.1
      shebang-command: 2.0.0
      which: 2.0.2
    dev: true

  /cssfilter/0.0.10:
    resolution: {integrity: sha1-xtJnJjKi5cg+AT5oZKQs6N79IK4=}
    dev: true

  /dedent/0.7.0:
    resolution: {integrity: sha1-JJXduvbrh0q7Dhvp3yLS5aVEMmw=}
    dev: true

  /define-properties/1.1.3:
    resolution: {integrity: sha512-3MqfYKj2lLzdMSf8ZIZE/V+Zuy+BgD6f164e8K2w7dgnpKArBDerGYpM46IYYcjnkdPNMjPk9A6VFB8+3SKlXQ==}
    engines: {node: '>= 0.4'}
    dependencies:
      object-keys: 1.1.1
    dev: true

  /depd/1.1.2:
    resolution: {integrity: sha1-m81S4UwJd2PnSbJ0xDRu0uVgtak=}
    engines: {node: '>= 0.6'}
    dev: true

  /deprecated-decorator/0.1.6:
    resolution: {integrity: sha1-AJZjF7ehL+kvPMgx91g68ym4bDc=}
    dev: true

  /dicer/0.3.0:
    resolution: {integrity: sha512-MdceRRWqltEG2dZqO769g27N/3PXfcKl04VhYnBlo2YhH7zPi88VebsjTKclaOyiuMaGU72hTfw3VkUitGcVCA==}
    engines: {node: '>=4.5.0'}
    dependencies:
      streamsearch: 0.1.2
    dev: true

  /diff/4.0.2:
    resolution: {integrity: sha512-58lmxKSA4BNyLz+HHMUzlOEpg09FV+ev6ZMe3vJihgdxzgcwZ8VoEEPmALCZG9LmqfVoNMMKpttIYTVG6uDY7A==}
    engines: {node: '>=0.3.1'}
    dev: true

  /endent/2.1.0:
    resolution: {integrity: sha512-r8VyPX7XL8U01Xgnb1CjZ3XV+z90cXIJ9JPE/R9SEC9vpw2P6CfsRPJmp20DppC5N7ZAMCmjYkJIa744Iyg96w==}
    dependencies:
      dedent: 0.7.0
      fast-json-parse: 1.0.3
      objectorarray: 1.0.5
    dev: true

  /es-abstract/1.18.5:
    resolution: {integrity: sha512-DDggyJLoS91CkJjgauM5c0yZMjiD1uK3KcaCeAmffGwZ+ODWzOkPN4QwRbsK5DOFf06fywmyLci3ZD8jLGhVYA==}
    engines: {node: '>= 0.4'}
    dependencies:
      call-bind: 1.0.2
      es-to-primitive: 1.2.1
      function-bind: 1.1.1
      get-intrinsic: 1.1.1
      has: 1.0.3
      has-symbols: 1.0.2
      internal-slot: 1.0.3
      is-callable: 1.2.4
      is-negative-zero: 2.0.1
      is-regex: 1.1.4
      is-string: 1.0.7
      object-inspect: 1.11.0
      object-keys: 1.1.1
      object.assign: 4.1.2
      string.prototype.trimend: 1.0.4
      string.prototype.trimstart: 1.0.4
      unbox-primitive: 1.0.1
    dev: true

  /es-to-primitive/1.2.1:
    resolution: {integrity: sha512-QCOllgZJtaUo9miYBcLChTUaHNjJF3PYs1VidD7AwiEj1kYxKeQTctLAezAOH5ZKRH0g2IgPn6KwB4IT8iRpvA==}
    engines: {node: '>= 0.4'}
    dependencies:
      is-callable: 1.2.4
      is-date-object: 1.0.5
      is-symbol: 1.0.4
    dev: true

  /eventemitter3/3.1.2:
    resolution: {integrity: sha512-tvtQIeLVHjDkJYnzf2dgVMxfuSGJeM/7UCG17TT4EumTfNtF+0nebF/4zWOIkCreAbtNqhGEboB6BWrwqNaw4Q==}
    dev: true

  /fast-json-parse/1.0.3:
    resolution: {integrity: sha512-FRWsaZRWEJ1ESVNbDWmsAlqDk96gPQezzLghafp5J4GUKjbCz3OkAHuZs5TuPEtkbVQERysLp9xv6c24fBm8Aw==}
    dev: true

  /fast-json-stable-stringify/2.1.0:
    resolution: {integrity: sha512-lhd/wF+Lk98HZoTCtlVraHtfh5XYijIjalXck7saUtuanSDyLMxnHhSXEDJqHxD7msR8D0uCmqlkwjCV8xvwHw==}
    dev: true

  /for-each/0.3.3:
    resolution: {integrity: sha512-jqYfLp7mo9vIyQf8ykW2v7A+2N4QjeCeI5+Dz9XraiO1ign81wjiH7Fb9vSOWvQfNtmSa4H2RoQTrrXivdUZmw==}
    dependencies:
      is-callable: 1.2.4
    dev: true

  /fs-capacitor/2.0.4:
    resolution: {integrity: sha512-8S4f4WsCryNw2mJJchi46YgB6CR5Ze+4L1h8ewl9tEpL4SJ3ZO+c/bS4BWhB8bK+O3TMqhuZarTitd0S0eh2pA==}
    engines: {node: '>=8.5'}
    dev: true

  /fs-jetpack/4.1.1:
    resolution: {integrity: sha512-BSZ+f6VjrMInpA6neNnUhQNFPPdf3M+I8v8M9dBRrbmExd8GNRbTJIq1tjNh86FQ4a+EoMtPcp1oemwY5ghGBw==}
    dependencies:
      minimatch: 3.0.4
      rimraf: 2.7.1
    dev: true

  /fs.realpath/1.0.0:
    resolution: {integrity: sha1-FQStJSMVjKpA20onh8sBQRmU6k8=}
    dev: true

  /function-bind/1.1.1:
    resolution: {integrity: sha512-yIovAzMX49sF8Yl58fSCWJ5svSLuaibPxXQJFLmBObTuCr0Mf1KiPopGM9NiFjiYBCbfaa2Fh6breQ6ANVTI0A==}
    dev: true

  /get-intrinsic/1.1.1:
    resolution: {integrity: sha512-kWZrnVM42QCiEA2Ig1bG8zjoIMOgxWwYCEeNdwY6Tv/cOSeGpcoX4pXHfKUxNKVoArnrEr2e9srnAxxGIraS9Q==}
    dependencies:
      function-bind: 1.1.1
      has: 1.0.3
      has-symbols: 1.0.2
    dev: true

  /glob/7.1.7:
    resolution: {integrity: sha512-OvD9ENzPLbegENnYP5UUfJIirTg4+XwMWGaQfQTY0JenxNvvIKP3U3/tAQSPIu/lHxXYSZmpXlUHeqAIdKzBLQ==}
    dependencies:
      fs.realpath: 1.0.0
      inflight: 1.0.6
      inherits: 2.0.4
      minimatch: 3.0.4
      once: 1.4.0
      path-is-absolute: 1.0.1
    dev: true

  /graphql-extensions/0.15.0_graphql@15.5.2:
    resolution: {integrity: sha512-bVddVO8YFJPwuACn+3pgmrEg6I8iBuYLuwvxiE+lcQQ7POotVZxm2rgGw0PvVYmWWf3DT7nTVDZ5ROh/ALp8mA==}
    engines: {node: '>=6.0'}
    deprecated: 'The `graphql-extensions` API has been removed from Apollo Server 3. Use the plugin API instead: https://www.apollographql.com/docs/apollo-server/integrations/plugins/'
    peerDependencies:
      graphql: ^0.12.0 || ^0.13.0 || ^14.0.0 || ^15.0.0
    dependencies:
      '@apollographql/apollo-tools': 0.5.1
      apollo-server-env: 3.1.0
      apollo-server-types: 0.9.0_graphql@15.5.2
      graphql: 15.5.2
    dev: true

  /graphql-tag/2.12.5_graphql@15.5.2:
    resolution: {integrity: sha512-5xNhP4063d16Pz3HBtKprutsPrmHZi5IdUGOWRxA2B6VF7BIRGOHZ5WQvDmJXZuPcBg7rYwaFxvQYjqkSdR3TQ==}
    engines: {node: '>=10'}
    peerDependencies:
      graphql: ^0.9.0 || ^0.10.0 || ^0.11.0 || ^0.12.0 || ^0.13.0 || ^14.0.0 || ^15.0.0
    dependencies:
      graphql: 15.5.2
      tslib: 2.3.1
    dev: true

  /graphql-tools/4.0.8_graphql@15.5.2:
    resolution: {integrity: sha512-MW+ioleBrwhRjalKjYaLQbr+920pHBgy9vM/n47sswtns8+96sRn5M/G+J1eu7IMeKWiN/9p6tmwCHU7552VJg==}
    deprecated: This package has been deprecated and now it only exports makeExecutableSchema.\nAnd it will no longer receive updates.\nWe recommend you to migrate to scoped packages such as @graphql-tools/schema, @graphql-tools/utils and etc.\nCheck out https://www.graphql-tools.com to learn what package you should use instead
    peerDependencies:
      graphql: ^0.13.0 || ^14.0.0 || ^15.0.0
    dependencies:
      apollo-link: 1.2.14_graphql@15.5.2
      apollo-utilities: 1.3.4_graphql@15.5.2
      deprecated-decorator: 0.1.6
      graphql: 15.5.2
      iterall: 1.3.0
      uuid: 3.4.0
    dev: true

  /graphql/15.5.2:
    resolution: {integrity: sha512-dZjLPWNQqYv0dqV2RNbiFed0LtSp6yd4jchsDGnuhDKa9OQHJYCfovaOEvY91w9gqbYO7Se9LKDTl3xxYva/3w==}
    engines: {node: '>= 10.x'}
    dev: true

  /has-bigints/1.0.1:
    resolution: {integrity: sha512-LSBS2LjbNBTf6287JEbEzvJgftkF5qFkmCo9hDRpAzKhUOlJ+hx8dd4USs00SgsUNwc4617J9ki5YtEClM2ffA==}
    dev: true

  /has-symbols/1.0.2:
    resolution: {integrity: sha512-chXa79rL/UC2KlX17jo3vRGz0azaWEx5tGqZg5pO3NUyEJVB17dMruQlzCCOfUvElghKcm5194+BCRvi2Rv/Gw==}
    engines: {node: '>= 0.4'}
    dev: true

  /has-tostringtag/1.0.0:
    resolution: {integrity: sha512-kFjcSNhnlGV1kyoGk7OXKSawH5JOb/LzUc5w9B02hOTO0dfFRjbHQKvg1d6cf3HbeUmtU9VbbV3qzZ2Teh97WQ==}
    engines: {node: '>= 0.4'}
    dependencies:
      has-symbols: 1.0.2
    dev: true

  /has/1.0.3:
    resolution: {integrity: sha512-f2dvO0VU6Oej7RkWJGrehjbzMAjFp5/VKPp5tTpWIV4JHHZK1/BxbFRtf/siA2SWTe09caDmVtYYzWEIbBS4zw==}
    engines: {node: '>= 0.4.0'}
    dependencies:
      function-bind: 1.1.1
    dev: true

  /http-errors/1.7.3:
    resolution: {integrity: sha512-ZTTX0MWrsQ2ZAhA1cejAwDLycFsd7I7nVtnkT3Ol0aqodaKW+0CTZDQ1uBv5whptCnc8e8HeRRJxRs0kmm/Qfw==}
    engines: {node: '>= 0.6'}
    dependencies:
      depd: 1.1.2
      inherits: 2.0.4
      setprototypeof: 1.1.1
      statuses: 1.5.0
      toidentifier: 1.0.0
    dev: true

  /inflight/1.0.6:
    resolution: {integrity: sha1-Sb1jMdfQLQwJvJEKEHW6gWW1bfk=}
    dependencies:
      once: 1.4.0
      wrappy: 1.0.2
    dev: true

  /inherits/2.0.4:
    resolution: {integrity: sha512-k/vGaX4/Yla3WzyMCvTQOXYeIHvqOKtnqBduzTHpzpQZzAskKMhZ2K+EnBiSM9zGSoIFeMpXKxa4dYeZIQqewQ==}
    dev: true

  /internal-slot/1.0.3:
    resolution: {integrity: sha512-O0DB1JC/sPyZl7cIo78n5dR7eUSwwpYPiXRhTzNxZVAMUuB8vlnRFyLxdrVToks6XPLVnFfbzaVd5WLjhgg+vA==}
    engines: {node: '>= 0.4'}
    dependencies:
      get-intrinsic: 1.1.1
      has: 1.0.3
      side-channel: 1.0.4
    dev: true

  /is-bigint/1.0.4:
    resolution: {integrity: sha512-zB9CruMamjym81i2JZ3UMn54PKGsQzsJeo6xvN3HJJ4CAsQNB6iRutp2To77OfCNuoxspsIhzaPoO1zyCEhFOg==}
    dependencies:
      has-bigints: 1.0.1
    dev: true

  /is-boolean-object/1.1.2:
    resolution: {integrity: sha512-gDYaKHJmnj4aWxyj6YHyXVpdQawtVLHU5cb+eztPGczf6cjuTdwve5ZIEfgXqH4e57An1D1AKf8CZ3kYrQRqYA==}
    engines: {node: '>= 0.4'}
    dependencies:
      call-bind: 1.0.2
      has-tostringtag: 1.0.0
    dev: true

  /is-callable/1.2.4:
    resolution: {integrity: sha512-nsuwtxZfMX67Oryl9LCQ+upnC0Z0BgpwntpS89m1H/TLF0zNfzfLMV/9Wa/6MZsj0acpEjAO0KF1xT6ZdLl95w==}
    engines: {node: '>= 0.4'}
    dev: true

  /is-date-object/1.0.5:
    resolution: {integrity: sha512-9YQaSxsAiSwcvS33MBk3wTCVnWK+HhF8VZR2jRxehM16QcVOdHqPn4VPHmRK4lSr38n9JriurInLcP90xsYNfQ==}
    engines: {node: '>= 0.4'}
    dependencies:
      has-tostringtag: 1.0.0
    dev: true

  /is-negative-zero/2.0.1:
    resolution: {integrity: sha512-2z6JzQvZRa9A2Y7xC6dQQm4FSTSTNWjKIYYTt4246eMTJmIo0Q+ZyOsU66X8lxK1AbB92dFeglPLrhwpeRKO6w==}
    engines: {node: '>= 0.4'}
    dev: true

  /is-number-object/1.0.6:
    resolution: {integrity: sha512-bEVOqiRcvo3zO1+G2lVMy+gkkEm9Yh7cDMRusKKu5ZJKPUYSJwICTKZrNKHA2EbSP0Tu0+6B/emsYNHZyn6K8g==}
    engines: {node: '>= 0.4'}
    dependencies:
      has-tostringtag: 1.0.0
    dev: true

  /is-promise/4.0.0:
    resolution: {integrity: sha512-hvpoI6korhJMnej285dSg6nu1+e6uxs7zG3BYAm5byqDsgJNWwxzM6z6iZiAgQR4TJ30JmBTOwqZUw3WlyH3AQ==}
    dev: true

  /is-regex/1.1.4:
    resolution: {integrity: sha512-kvRdxDsxZjhzUX07ZnLydzS1TU/TJlTUHHY4YLL87e37oUA49DfkLqgy+VjFocowy29cKvcSiu+kIv728jTTVg==}
    engines: {node: '>= 0.4'}
    dependencies:
      call-bind: 1.0.2
      has-tostringtag: 1.0.0
    dev: true

  /is-string/1.0.7:
    resolution: {integrity: sha512-tE2UXzivje6ofPW7l23cjDOMa09gb7xlAqG6jG5ej6uPV32TlWP3NKPigtaGeHNu9fohccRYvIiZMfOOnOYUtg==}
    engines: {node: '>= 0.4'}
    dependencies:
      has-tostringtag: 1.0.0
    dev: true

  /is-symbol/1.0.4:
    resolution: {integrity: sha512-C/CPBqKWnvdcxqIARxyOh4v1UUEOCHpgDa0WYgpKDFMszcrPcffg5uhwSgPCLD2WWxmq6isisz87tzT01tuGhg==}
    engines: {node: '>= 0.4'}
    dependencies:
      has-symbols: 1.0.2
    dev: true

  /isexe/2.0.0:
    resolution: {integrity: sha1-6PvzdNxVb/iUehDcsFctYz8s+hA=}
    dev: true

  /iterall/1.3.0:
    resolution: {integrity: sha512-QZ9qOMdF+QLHxy1QIpUHUU1D5pS2CG2P69LF6L6CPjPYA/XMOmKV3PZpawHoAjHNyB0swdVTRxdYT4tbBbxqwg==}
    dev: true

  /lodash.sortby/4.7.0:
    resolution: {integrity: sha1-7dFMgk4sycHgsKG0K7UhBRakJDg=}
    dev: true

  /lodash/4.17.21:
    resolution: {integrity: sha512-v2kDEe57lecTulaDIuNTPy3Ry4gLGJ6Z1O3vE1krgXZNrsQ+LFTGHVxVjcXPs17LhbZVGedAJv8XZ1tvj5FvSg==}
    dev: true

  /loglevel/1.7.1:
    resolution: {integrity: sha512-Hesni4s5UkWkwCGJMQGAh71PaLUmKFM60dHvq0zi/vDhhrzuk+4GgNbTXJ12YYQJn6ZKBDNIjYcuQGKudvqrIw==}
    engines: {node: '>= 0.6.0'}
    dev: true

  /long/4.0.0:
    resolution: {integrity: sha512-XsP+KhQif4bjX1kbuSiySJFNAehNxgLb6hPRGJ9QsUr8ajHkuXGdrHmFUTUUXhDwVX2R5bY4JNZEwbUiMhV+MA==}
    dev: true

  /lru-cache/6.0.0:
    resolution: {integrity: sha512-Jo6dJ04CmSjuznwJSS3pUeWmd/H0ffTlkXXgwZi+eq1UCmqQwCh+eLsYOYCwY991i2Fah4h1BEMCx4qThGbsiA==}
    engines: {node: '>=10'}
    dependencies:
      yallist: 4.0.0
    dev: true

  /make-error/1.3.6:
    resolution: {integrity: sha512-s8UhlNe7vPKomQhC1qFelMokr/Sc3AgNbso3n74mVPA5LTZwkB9NlXf4XPamLxJE8h0gh73rM94xvwRT2CVInw==}
    dev: true

  /minimatch/3.0.4:
    resolution: {integrity: sha512-yJHVQEhyqPLUTgt9B83PXu6W3rx4MvvHvSUvToogpwoGDOUQ+yDrR0HRot+yOCdCO7u4hX3pWft6kWBBcqh0UA==}
    dependencies:
      brace-expansion: 1.1.11
    dev: true

  /nexus/1.0.0_graphql@15.5.2:
    resolution: {integrity: sha512-Toa91s9BJsX8pDX34QkOyKdnw8MmuOQkEboZMKSxvF9mWuAFkY74Zj1ssaexeV7yTQ7HoLQYUQ00FaWzXPmggQ==}
    peerDependencies:
      graphql: ^14.5.8 || 15.x
    dependencies:
      graphql: 15.5.2
      iterall: 1.3.0
      tslib: 2.3.1
    dev: true

  /node-fetch/2.6.1:
    resolution: {integrity: sha512-V4aYg89jEoVRxRb2fJdAg8FHvI7cEyYdVAh94HH0UIK8oJxUfkjlDQN9RbMx+bEjP7+ggMiFRprSti032Oipxw==}
    engines: {node: 4.x || >=6.0.0}
    dev: true

  /object-inspect/1.11.0:
    resolution: {integrity: sha512-jp7ikS6Sd3GxQfZJPyH3cjcbJF6GZPClgdV+EFygjFLQ5FmW/dRUnTd9PQ9k0JhoNDabWFbpF1yCdSWCC6gexg==}
    dev: true

  /object-keys/1.1.1:
    resolution: {integrity: sha512-NuAESUOUMrlIXOfHKzD6bpPu3tYt3xvjNdRIQ+FeT0lNb4K8WR70CaDxhuNguS2XG+GjkyMwOzsN5ZktImfhLA==}
    engines: {node: '>= 0.4'}
    dev: true

  /object-path/0.11.7:
    resolution: {integrity: sha512-T4evaK9VfGGQskXBDILcn6F90ZD+WO3OwRFFQ2rmZdUH4vQeDBpiolTpVlPY2yj5xSepyILTjDyM6UvbbdHMZw==}
    engines: {node: '>= 10.12.0'}
    dev: true

  /object.assign/4.1.2:
    resolution: {integrity: sha512-ixT2L5THXsApyiUPYKmW+2EHpXXe5Ii3M+f4e+aJFAHao5amFRW6J0OO6c/LU8Be47utCx2GL89hxGB6XSmKuQ==}
    engines: {node: '>= 0.4'}
    dependencies:
      call-bind: 1.0.2
      define-properties: 1.1.3
      has-symbols: 1.0.2
      object-keys: 1.1.1
    dev: true

  /object.getownpropertydescriptors/2.1.2:
    resolution: {integrity: sha512-WtxeKSzfBjlzL+F9b7M7hewDzMwy+C8NRssHd1YrNlzHzIDrXcXiNOMrezdAEM4UXixgV+vvnyBeN7Rygl2ttQ==}
    engines: {node: '>= 0.8'}
    dependencies:
      call-bind: 1.0.2
      define-properties: 1.1.3
      es-abstract: 1.18.5
    dev: true

  /objectorarray/1.0.5:
    resolution: {integrity: sha512-eJJDYkhJFFbBBAxeh8xW+weHlkI28n2ZdQV/J/DNfWfSKlGEf2xcfAbZTv3riEXHAhL9SVOTs2pRmXiSTf78xg==}
    dev: true

  /once/1.4.0:
    resolution: {integrity: sha1-WDsap3WWHUsROsF9nFC6753Xa9E=}
    dependencies:
      wrappy: 1.0.2
    dev: true

  /path-is-absolute/1.0.1:
    resolution: {integrity: sha1-F0uSaHNVNP+8es5r9TpanhtcX18=}
    engines: {node: '>=0.10.0'}
    dev: true

  /path-key/3.1.1:
    resolution: {integrity: sha512-ojmeN0qd+y0jszEtoY48r0Peq5dwMEkIlCOu6Q5f41lfkswXuKtYrhgoTpLnyIcHm24Uhqx+5Tqm2InSwLhE6Q==}
    engines: {node: '>=8'}
    dev: true

  /pluralize/8.0.0:
    resolution: {integrity: sha512-Nc3IT5yHzflTfbjgqWcCPpo7DaKy4FnpB0l/zCAW0Tc7jxAiuqSxHasntB3D7887LSrA93kDJ9IXovxJYxyLCA==}
    engines: {node: '>=4'}
    dev: true

  /prisma/2.30.3:
    resolution: {integrity: sha512-48qYba2BIyUmXuosBZs0g3kYGrxKvo4VkSHYOuLlDdDirmKyvoY2hCYMUYHSx3f++8ovfgs+MX5KmNlP+iAZrQ==}
    engines: {node: '>=12.2'}
    hasBin: true
    requiresBuild: true
    dependencies:
      '@prisma/engines': 2.30.1-2.b8c35d44de987a9691890b3ddf3e2e7effb9bf20
    dev: true

  /retry/0.13.1:
    resolution: {integrity: sha512-XQBQ3I8W1Cge0Seh+6gjj03LbmRFWuoszgK9ooCpwYIrhhoO80pfq4cUkU5DkknwfOfFteRwlZ56PYOGYyFWdg==}
    engines: {node: '>= 4'}
    dev: true

  /rimraf/2.7.1:
    resolution: {integrity: sha512-uWjbaKIK3T1OSVptzX7Nl6PvQ3qAGtKEtVRjRuazjfL3Bx5eI409VZSqgND+4UNnmzLVdPj9FqFJNPqBZFve4w==}
    hasBin: true
    dependencies:
      glob: 7.1.7
    dev: true

  /safe-buffer/5.2.1:
    resolution: {integrity: sha512-rp3So07KcdmmKbGvgaNxQSJr7bGVSVk5S9Eq1F+ppbRo70+YeaDxkw5Dd8NPN+GD6bjnYm2VuPuCXmpuYvmCXQ==}
    dev: true

  /semver/7.3.5:
    resolution: {integrity: sha512-PoeGJYh8HK4BTO/a9Tf6ZG3veo/A7ZVsYrSA6J8ny9nb3B1VrpkuN+z9OE5wfE5p6H4LchYZsegiQgbJD94ZFQ==}
    engines: {node: '>=10'}
    hasBin: true
    dependencies:
      lru-cache: 6.0.0
    dev: true

  /setprototypeof/1.1.1:
    resolution: {integrity: sha512-JvdAWfbXeIGaZ9cILp38HntZSFSo3mWg6xGcJJsd+d4aRMOqauag1C63dJfDw7OaMYwEbHMOxEZ1lqVRYP2OAw==}
    dev: true

  /sha.js/2.4.11:
    resolution: {integrity: sha512-QMEp5B7cftE7APOjk5Y6xgrbWu+WkLVQwk8JNjZ8nKRciZaByEW6MubieAiToS7+dwvrjGhH8jRXz3MVd0AYqQ==}
    hasBin: true
    dependencies:
      inherits: 2.0.4
      safe-buffer: 5.2.1
    dev: true

  /shebang-command/2.0.0:
    resolution: {integrity: sha512-kHxr2zZpYtdmrN1qDjrrX/Z1rR1kG8Dx+gkpK1G4eXmvXswmcE1hTWBWYUzlraYw1/yZp6YuDY77YtvbN0dmDA==}
    engines: {node: '>=8'}
    dependencies:
      shebang-regex: 3.0.0
    dev: true

  /shebang-regex/3.0.0:
    resolution: {integrity: sha512-7++dFhtcx3353uBaq8DDR4NuxBetBzC7ZQOhmTQInHEd6bSrXdiEyzCvG07Z44UYdLShWUyXt5M/yhz8ekcb1A==}
    engines: {node: '>=8'}
    dev: true

  /side-channel/1.0.4:
    resolution: {integrity: sha512-q5XPytqFEIKHkGdiMIrY10mvLRvnQh42/+GoBlFW3b2LXLE2xxJpZFdm94we0BaoV3RwJyGqg5wS7epxTv0Zvw==}
    dependencies:
      call-bind: 1.0.2
      get-intrinsic: 1.1.1
      object-inspect: 1.11.0
    dev: true

  /statuses/1.5.0:
    resolution: {integrity: sha1-Fhx9rBd2Wf2YEfQ3cfqZOBR4Yow=}
    engines: {node: '>= 0.6'}
    dev: true

  /streamsearch/0.1.2:
    resolution: {integrity: sha1-gIudDlb8Jz2Am6VzOOkpkZoanxo=}
    engines: {node: '>=0.8.0'}
    dev: true

  /string.prototype.trimend/1.0.4:
    resolution: {integrity: sha512-y9xCjw1P23Awk8EvTpcyL2NIr1j7wJ39f+k6lvRnSMz+mz9CGz9NYPelDk42kOz6+ql8xjfK8oYzy3jAP5QU5A==}
    dependencies:
      call-bind: 1.0.2
      define-properties: 1.1.3
    dev: true

  /string.prototype.trimstart/1.0.4:
    resolution: {integrity: sha512-jh6e984OBfvxS50tdY2nRZnoC5/mLFKOREQfw8t5yytkoUsJRNxvI/E39qu1sD0OtWI3OC0XgKSmcWwziwYuZw==}
    dependencies:
      call-bind: 1.0.2
      define-properties: 1.1.3
    dev: true

  /subscriptions-transport-ws/0.9.19_graphql@15.5.2:
    resolution: {integrity: sha512-dxdemxFFB0ppCLg10FTtRqH/31FNRL1y1BQv8209MK5I4CwALb7iihQg+7p65lFcIl8MHatINWBLOqpgU4Kyyw==}
    peerDependencies:
      graphql: '>=0.10.0'
    dependencies:
      backo2: 1.0.2
      eventemitter3: 3.1.2
      graphql: 15.5.2
      iterall: 1.3.0
      symbol-observable: 1.2.0
      ws: 7.5.4
    transitivePeerDependencies:
      - bufferutil
      - utf-8-validate
    dev: true

  /symbol-observable/1.2.0:
    resolution: {integrity: sha512-e900nM8RRtGhlV36KGEU9k65K3mPb1WV70OdjfxlG2EAuM1noi/E/BaW/uMhL7bPEssK8QV57vN3esixjUvcXQ==}
    engines: {node: '>=0.10.0'}
    dev: true

  /toidentifier/1.0.0:
    resolution: {integrity: sha512-yaOH/Pk/VEhBWWTlhI+qXxDFXlejDGcQipMlyxda9nthulaxLZUNcUqFxokp0vcYnvteJln5FNQDRrxj3YcbVw==}
    engines: {node: '>=0.6'}
    dev: true

  /ts-invariant/0.4.4:
    resolution: {integrity: sha512-uEtWkFM/sdZvRNNDL3Ehu4WVpwaulhwQszV8mrtcdeE8nN00BV9mAmQ88RkrBhFgl9gMgvjJLAQcZbnPXI9mlA==}
    dependencies:
      tslib: 1.14.1
    dev: true

  /ts-node/10.2.1_@types+node@12.20.23:
    resolution: {integrity: sha512-hCnyOyuGmD5wHleOQX6NIjJtYVIO8bPP8F2acWkB4W06wdlkgyvJtubO/I9NkI88hCFECbsEgoLc0VNkYmcSfw==}
    engines: {node: '>=12.0.0'}
    hasBin: true
    peerDependencies:
      '@swc/core': '>=1.2.50'
      '@swc/wasm': '>=1.2.50'
      '@types/node': '*'
      typescript: '>=2.7'
    peerDependenciesMeta:
      '@swc/core':
        optional: true
      '@swc/wasm':
        optional: true
    dependencies:
      '@cspotcode/source-map-support': 0.6.1
      '@tsconfig/node10': 1.0.8
      '@tsconfig/node12': 1.0.9
      '@tsconfig/node14': 1.0.1
      '@tsconfig/node16': 1.0.2
      '@types/node': 12.20.23
      acorn: 8.4.1
      acorn-walk: 8.1.1
      arg: 4.1.3
      create-require: 1.1.1
      diff: 4.0.2
      make-error: 1.3.6
      yn: 3.1.1
    dev: true

  /tslib/1.14.1:
    resolution: {integrity: sha512-Xni35NKzjgMrwevysHTCArtLDpPvye8zV/0E4EyYn43P7/7qvQwPh9BGkHewbMulVntbigmcT7rdX3BNo9wRJg==}
    dev: true

  /tslib/2.3.1:
    resolution: {integrity: sha512-77EbyPPpMz+FRFRuAFlWMtmgUWGe9UOG2Z25NqCwiIjRhOf5iKGuzSe5P2w1laq+FkRy4p+PCuVkJSGkzTEKVw==}
    dev: true

  /unbox-primitive/1.0.1:
    resolution: {integrity: sha512-tZU/3NqK3dA5gpE1KtyiJUrEB0lxnGkMFHptJ7q6ewdZ8s12QrODwNbhIJStmJkd1QDXa1NRA8aF2A1zk/Ypyw==}
    dependencies:
      function-bind: 1.1.1
      has-bigints: 1.0.1
      has-symbols: 1.0.2
      which-boxed-primitive: 1.0.2
    dev: true

  /util.promisify/1.1.1:
    resolution: {integrity: sha512-/s3UsZUrIfa6xDhr7zZhnE9SLQ5RIXyYfiVnMMyMDzOc8WhWN4Nbh36H842OyurKbCDAesZOJaVyvmSl6fhGQw==}
    dependencies:
      call-bind: 1.0.2
      define-properties: 1.1.3
      for-each: 0.3.3
      has-symbols: 1.0.2
      object.getownpropertydescriptors: 2.1.2
    dev: true

  /uuid/3.4.0:
    resolution: {integrity: sha512-HjSDRw6gZE5JMggctHBcjVak08+KEVhSIiDzFnT9S9aegmp85S/bReBVTb4QTFaRNptJ9kuYaNhnbNEOkbKb/A==}
    deprecated: Please upgrade  to version 7 or higher.  Older versions may use Math.random() in certain circumstances, which is known to be problematic.  See https://v8.dev/blog/math-random for details.
    hasBin: true
    dev: true

  /uuid/8.3.2:
    resolution: {integrity: sha512-+NYs2QeMWy+GWFOEm9xnn6HCDp0l7QBD7ml8zLUmJ+93Q5NF0NocErnwkTkXVFNiX3/fpC6afS8Dhb/gz7R7eg==}
    hasBin: true
    dev: true

  /which-boxed-primitive/1.0.2:
    resolution: {integrity: sha512-bwZdv0AKLpplFY2KZRX6TvyuN7ojjr7lwkg6ml0roIy9YeuSr7JS372qlNW18UQYzgYK9ziGcerWqZOmEn9VNg==}
    dependencies:
      is-bigint: 1.0.4
      is-boolean-object: 1.1.2
      is-number-object: 1.0.6
      is-string: 1.0.7
      is-symbol: 1.0.4
    dev: true

  /which/2.0.2:
    resolution: {integrity: sha512-BLI3Tl1TW3Pvl70l3yq3Y64i+awpwXqsGBYWkkqMtnbXgrMD+yj7rhW0kuEDxzJaYXGjEW5ogapKNMEKNMjibA==}
    engines: {node: '>= 8'}
    hasBin: true
    dependencies:
      isexe: 2.0.0
    dev: true

  /wrappy/1.0.2:
    resolution: {integrity: sha1-tSQ9jz7BqjXxNkYFvA0QNuMKtp8=}
    dev: true

  /ws/7.5.4:
    resolution: {integrity: sha512-zP9z6GXm6zC27YtspwH99T3qTG7bBFv2VIkeHstMLrLlDJuzA7tQ5ls3OJ1hOGGCzTQPniNJoHXIAOS0Jljohg==}
    engines: {node: '>=8.3.0'}
    peerDependencies:
      bufferutil: ^4.0.1
      utf-8-validate: ^5.0.2
    peerDependenciesMeta:
      bufferutil:
        optional: true
      utf-8-validate:
        optional: true
    dev: true

  /xss/1.0.9:
    resolution: {integrity: sha512-2t7FahYnGJys6DpHLhajusId7R0Pm2yTmuL0GV9+mV0ZlaLSnb2toBmppATfg5sWIhZQGlsTLoecSzya+l4EAQ==}
    engines: {node: '>= 0.10.0'}
    hasBin: true
    dependencies:
      commander: 2.20.3
      cssfilter: 0.0.10
    dev: true

  /yallist/4.0.0:
    resolution: {integrity: sha512-3wdGidZyq5PB084XLES5TpOSRA3wjXAlIWMhum2kRcv/41Sn2emQ0dycQW4uZXLejwKvg6EsvbdlVL+FYEct7A==}
    dev: true

  /yn/3.1.1:
    resolution: {integrity: sha512-Ux4ygGWsu2c7isFWe8Yu1YluJmqVhxqK2cLXNQA5AcC3QfbGNpM7fu0Y8b/z16pXLnFxZYvWhd3fhBY9DLmC6Q==}
    engines: {node: '>=6'}
    dev: true

  /zen-observable-ts/0.8.21:
    resolution: {integrity: sha512-Yj3yXweRc8LdRMrCC8nIc4kkjWecPAUVh0TI0OUrWXx6aX790vLcDlWca6I4vsyCGH3LpWxq0dJRcMOFoVqmeg==}
    dependencies:
      tslib: 1.14.1
      zen-observable: 0.8.15
    dev: true

  /zen-observable/0.8.15:
    resolution: {integrity: sha512-PQ2PC7R9rslx84ndNBZB/Dkv8V8fZEpk83RLgXtYd0fwUgEjseMn1Dgajh2x6S8QbZAFa9p2qVCEuYZNgve0dQ==}
    dev: true
